
Microsoft Visual Studio Solution File, Format Version 12.00
# Visual Studio Version 17
VisualStudioVersion = 17.14.37628.2 d17.14
MinimumVisualStudioVersion = 10.0.40219.1
Project("{2150E333-8FDC-42A3-9474-1A3956D46DE8}") = "Modelo", "Modelo", "{02EA681E-C7D8-13C7-8484-4AC65E1B71E8}"
EndProject
Project("{2150E333-8FDC-42A3-9474-1A3956D46DE8}") = "Vista", "Vista", "{94B44215-1DCB-4245-BA03-92BFF7C4AD94}"
EndProject
Project("{FAE04EC0-301F-11D3-BF4B-00C04F79EFBC}") = "Modelos", "Modelos\Modelos.csproj", "{4754BDB7-DE49-4F5F-8DAE-0B52A9143BE3}"
EndProject
Project("{FAE04EC0-301F-11D3-BF4B-00C04F79EFBC}") = "Vista", "Vista\Vista.csproj", "{4B32A09B-D7DF-453A-87FB-669404C9CEC8}"
EndProject
Global
	GlobalSection(SolutionConfigurationPlatforms) = preSolution
		Debug|Any CPU = Debug|Any CPU
		Release|Any CPU = Release|Any CPU
	EndGlobalSection
	GlobalSection(ProjectConfigurationPlatforms) = postSolution
		{4754BDB7-DE49-4F5F-8DAE-0B52A9143BE3}.Debug|Any CPU.ActiveCfg = Debug|Any CPU
		{4754BDB7-DE49-4F5F-8DAE-0B52A9143BE3}.Debug|Any CPU.Build.0 = Debug|Any CPU
		{4754BDB7-DE49-4F5F-8DAE-0B52A9143BE3}.Release|Any CPU.ActiveCfg = Release|Any CPU
		{4754BDB7-DE49-4F5F-8DAE-0B52A9143BE3}.Release|Any CPU.Build.0 = Release|Any CPU
		{4B32A09B-D7DF-453A-87FB-669404C9CEC8}.Debug|Any CPU.ActiveCfg = Debug|Any CPU
		{4B32A09B-D7DF-453A-87FB-669404C9CEC8}.Debug|Any CPU.Build.0 = Debug|Any CPU
		{4B32A09B-D7DF-453A-87FB-669404C9CEC8}.Release|Any CPU.ActiveCfg = Release|Any CPU
		{4B32A09B-D7DF-453A-87FB-669404C9CEC8}.Release|Any CPU.Build.0 = Release|Any CPU
	EndGlobalSection
	GlobalSection(SolutionProperties) = preSolution
		HideSolutionNode = FALSE
	EndGlobalSection
	GlobalSection(NestedProjects) = preSolution
		{4754BDB7-DE49-4F5F-8DAE-0B52A9143BE3} = {02EA681E-C7D8-13C7-8484-4AC65E1B71E8}
		{4B32A09B-D7DF-453A-87FB-669404C9CEC8} = {94B44215-1DCB-4245-BA03-92BFF7C4AD94}
	EndGlobalSection
	GlobalSection(ExtensibilityGlobals) = postSolution
		SolutionGuid = {C84BD3DF-98FB-4C05-B1F8-9D4892CEBF4F}
	EndGlobalSection
EndGlobal
